
Microsoft Visual Studio Solution File, Format Version 12.00
# Visual Studio 15
VisualStudioVersion = 15.0.28010.2050
MinimumVisualStudioVersion = 10.0.40219.1
Project("{FAE04EC0-301F-11D3-BF4B-00C04F79EFBC}") = "AspceptCoreDemo", "AspceptCoreDemo\AspceptCoreDemo.csproj", "{A3599EE0-A102-4717-B1F7-F7C203B3F67B}"
EndProject
Global
	GlobalSection(SolutionConfigurationPlatforms) = preSolution
		Debug|Any CPU = Debug|Any CPU
		Release|Any CPU = Release|Any CPU
	EndGlobalSection
	GlobalSection(ProjectConfigurationPlatforms) = postSolution
		{A3599EE0-A102-4717-B1F7-F7C203B3F67B}.Debug|Any CPU.ActiveCfg = Debug|Any CPU
		{A3599EE0-A102-4717-B1F7-F7C203B3F67B}.Debug|Any CPU.Build.0 = Debug|Any CPU
		{A3599EE0-A102-4717-B1F7-F7C203B3F67B}.Release|Any CPU.ActiveCfg = Release|Any CPU
		{A3599EE0-A102-4717-B1F7-F7C203B3F67B}.Release|Any CPU.Build.0 = Release|Any CPU
	EndGlobalSection
	GlobalSection(SolutionProperties) = preSolution
		HideSolutionNode = FALSE
	EndGlobalSection
	GlobalSection(ExtensibilityGlobals) = postSolution
		SolutionGuid = {660B6371-B446-49E4-BFCB-4F1A701EF1A2}
	EndGlobalSection
EndGlobal
